
Microsoft Visual Studio Solution File, Format Version 12.00
# Visual Studio Version 16
VisualStudioVersion = 16.0.30804.86
MinimumVisualStudioVersion = 10.0.40219.1
Project("{9A19103F-16F7-4668-BE54-9A1E7A4F7556}") = "ConcurrentEngine", "ConcurrentEngine\ConcurrentEngine.csproj", "{647BA3D7-B95A-4F4C-AA49-977B87007626}"
EndProject
Project("{9A19103F-16F7-4668-BE54-9A1E7A4F7556}") = "Test_ConcurrentEngine", "Test_ConcurrentEngine\Test_ConcurrentEngine.csproj", "{E27F55DE-58FE-47F4-8990-2B92982C0E5C}"
EndProject
Project("{FAE04EC0-301F-11D3-BF4B-00C04F79EFBC}") = "Slugent.ProcessQueueManager", "Slugent.ProcessQueueManager\Slugent.ProcessQueueManager.csproj", "{86AB7583-6C36-40E5-BEF0-662A6F16032E}"
EndProject
Global
	GlobalSection(SolutionConfigurationPlatforms) = preSolution
		Debug|Any CPU = Debug|Any CPU
		Release|Any CPU = Release|Any CPU
	EndGlobalSection
	GlobalSection(ProjectConfigurationPlatforms) = postSolution
		{647BA3D7-B95A-4F4C-AA49-977B87007626}.Debug|Any CPU.ActiveCfg = Debug|Any CPU
		{647BA3D7-B95A-4F4C-AA49-977B87007626}.Debug|Any CPU.Build.0 = Debug|Any CPU
		{647BA3D7-B95A-4F4C-AA49-977B87007626}.Release|Any CPU.ActiveCfg = Release|Any CPU
		{647BA3D7-B95A-4F4C-AA49-977B87007626}.Release|Any CPU.Build.0 = Release|Any CPU
		{E27F55DE-58FE-47F4-8990-2B92982C0E5C}.Debug|Any CPU.ActiveCfg = Debug|Any CPU
		{E27F55DE-58FE-47F4-8990-2B92982C0E5C}.Debug|Any CPU.Build.0 = Debug|Any CPU
		{E27F55DE-58FE-47F4-8990-2B92982C0E5C}.Release|Any CPU.ActiveCfg = Release|Any CPU
		{E27F55DE-58FE-47F4-8990-2B92982C0E5C}.Release|Any CPU.Build.0 = Release|Any CPU
		{86AB7583-6C36-40E5-BEF0-662A6F16032E}.Debug|Any CPU.ActiveCfg = Debug|Any CPU
		{86AB7583-6C36-40E5-BEF0-662A6F16032E}.Debug|Any CPU.Build.0 = Debug|Any CPU
		{86AB7583-6C36-40E5-BEF0-662A6F16032E}.Release|Any CPU.ActiveCfg = Release|Any CPU
		{86AB7583-6C36-40E5-BEF0-662A6F16032E}.Release|Any CPU.Build.0 = Release|Any CPU
	EndGlobalSection
	GlobalSection(SolutionProperties) = preSolution
		HideSolutionNode = FALSE
	EndGlobalSection
	GlobalSection(ExtensibilityGlobals) = postSolution
		SolutionGuid = {92E12659-CF36-4C09-A9D6-2A6CEB67A5DD}
	EndGlobalSection
EndGlobal
